
Microsoft Visual Studio Solution File, Format Version 12.00
# Visual Studio Version 16
VisualStudioVersion = 16.0.29209.62
MinimumVisualStudioVersion = 10.0.40219.1
Project("{FAE04EC0-301F-11D3-BF4B-00C04F79EFBC}") = "struct", "struct.csproj", "{94AFFBBE-E2BA-42F5-90C1-5A6D29A0D670}"
EndProject
Global
	GlobalSection(SolutionConfigurationPlatforms) = preSolution
		Debug|Any CPU = Debug|Any CPU
		Release|Any CPU = Release|Any CPU
	EndGlobalSection
	GlobalSection(ProjectConfigurationPlatforms) = postSolution
		{94AFFBBE-E2BA-42F5-90C1-5A6D29A0D670}.Debug|Any CPU.ActiveCfg = Debug|Any CPU
		{94AFFBBE-E2BA-42F5-90C1-5A6D29A0D670}.Debug|Any CPU.Build.0 = Debug|Any CPU
		{94AFFBBE-E2BA-42F5-90C1-5A6D29A0D670}.Release|Any CPU.ActiveCfg = Release|Any CPU
		{94AFFBBE-E2BA-42F5-90C1-5A6D29A0D670}.Release|Any CPU.Build.0 = Release|Any CPU
	EndGlobalSection
	GlobalSection(SolutionProperties) = preSolution
		HideSolutionNode = FALSE
	EndGlobalSection
	GlobalSection(ExtensibilityGlobals) = postSolution
		SolutionGuid = {BD68B0B8-DAB0-4EB9-BDCC-23073E311960}
	EndGlobalSection
EndGlobal
