
Microsoft Visual Studio Solution File, Format Version 12.00
# Visual Studio Version 16
VisualStudioVersion = 16.0.29209.62
MinimumVisualStudioVersion = 10.0.40219.1
Project("{FAE04EC0-301F-11D3-BF4B-00C04F79EFBC}") = "Access modifiers", "Access modifiers.csproj", "{71C118E1-2D3A-461B-AC58-18F79CC7567F}"
EndProject
Global
	GlobalSection(SolutionConfigurationPlatforms) = preSolution
		Debug|Any CPU = Debug|Any CPU
		Release|Any CPU = Release|Any CPU
	EndGlobalSection
	GlobalSection(ProjectConfigurationPlatforms) = postSolution
		{71C118E1-2D3A-461B-AC58-18F79CC7567F}.Debug|Any CPU.ActiveCfg = Debug|Any CPU
		{71C118E1-2D3A-461B-AC58-18F79CC7567F}.Debug|Any CPU.Build.0 = Debug|Any CPU
		{71C118E1-2D3A-461B-AC58-18F79CC7567F}.Release|Any CPU.ActiveCfg = Release|Any CPU
		{71C118E1-2D3A-461B-AC58-18F79CC7567F}.Release|Any CPU.Build.0 = Release|Any CPU
	EndGlobalSection
	GlobalSection(SolutionProperties) = preSolution
		HideSolutionNode = FALSE
	EndGlobalSection
	GlobalSection(ExtensibilityGlobals) = postSolution
		SolutionGuid = {74AD8208-6D9A-49DA-B4CE-68C87BAC35E8}
	EndGlobalSection
EndGlobal
