
Microsoft Visual Studio Solution File, Format Version 12.00
# Visual Studio Version 16
VisualStudioVersion = 16.0.29209.62
MinimumVisualStudioVersion = 10.0.40219.1
Project("{FAE04EC0-301F-11D3-BF4B-00C04F79EFBC}") = "Exception filters", "Exception filters.csproj", "{1707C8B5-D65B-44DF-A251-1AD3011BD1CE}"
EndProject
Global
	GlobalSection(SolutionConfigurationPlatforms) = preSolution
		Debug|Any CPU = Debug|Any CPU
		Release|Any CPU = Release|Any CPU
	EndGlobalSection
	GlobalSection(ProjectConfigurationPlatforms) = postSolution
		{1707C8B5-D65B-44DF-A251-1AD3011BD1CE}.Debug|Any CPU.ActiveCfg = Debug|Any CPU
		{1707C8B5-D65B-44DF-A251-1AD3011BD1CE}.Debug|Any CPU.Build.0 = Debug|Any CPU
		{1707C8B5-D65B-44DF-A251-1AD3011BD1CE}.Release|Any CPU.ActiveCfg = Release|Any CPU
		{1707C8B5-D65B-44DF-A251-1AD3011BD1CE}.Release|Any CPU.Build.0 = Release|Any CPU
	EndGlobalSection
	GlobalSection(SolutionProperties) = preSolution
		HideSolutionNode = FALSE
	EndGlobalSection
	GlobalSection(ExtensibilityGlobals) = postSolution
		SolutionGuid = {10A0414E-CD01-4B95-ABC4-5BCE79FB55C0}
	EndGlobalSection
EndGlobal
