
Microsoft Visual Studio Solution File, Format Version 12.00
# Visual Studio Version 16
VisualStudioVersion = 16.0.29209.62
MinimumVisualStudioVersion = 10.0.40219.1
Project("{FAE04EC0-301F-11D3-BF4B-00C04F79EFBC}") = "Interface implementation in base and derived classes", "Interface implementation in base and derived classes.csproj", "{CDB5BF50-0F0A-4C5B-BA8B-3E344BC520DC}"
EndProject
Global
	GlobalSection(SolutionConfigurationPlatforms) = preSolution
		Debug|Any CPU = Debug|Any CPU
		Release|Any CPU = Release|Any CPU
	EndGlobalSection
	GlobalSection(ProjectConfigurationPlatforms) = postSolution
		{CDB5BF50-0F0A-4C5B-BA8B-3E344BC520DC}.Debug|Any CPU.ActiveCfg = Debug|Any CPU
		{CDB5BF50-0F0A-4C5B-BA8B-3E344BC520DC}.Debug|Any CPU.Build.0 = Debug|Any CPU
		{CDB5BF50-0F0A-4C5B-BA8B-3E344BC520DC}.Release|Any CPU.ActiveCfg = Release|Any CPU
		{CDB5BF50-0F0A-4C5B-BA8B-3E344BC520DC}.Release|Any CPU.Build.0 = Release|Any CPU
	EndGlobalSection
	GlobalSection(SolutionProperties) = preSolution
		HideSolutionNode = FALSE
	EndGlobalSection
	GlobalSection(ExtensibilityGlobals) = postSolution
		SolutionGuid = {B12224F8-DA67-4D16-B958-FBD52BBE5BBF}
	EndGlobalSection
EndGlobal
