
Microsoft Visual Studio Solution File, Format Version 12.00
# Visual Studio Version 16
VisualStudioVersion = 16.0.29209.62
MinimumVisualStudioVersion = 10.0.40219.1
Project("{FAE04EC0-301F-11D3-BF4B-00C04F79EFBC}") = "Collection.Stack1", "Collection.Stack1.csproj", "{F40B936A-7F62-4200-930E-650982CF0633}"
EndProject
Global
	GlobalSection(SolutionConfigurationPlatforms) = preSolution
		Debug|Any CPU = Debug|Any CPU
		Release|Any CPU = Release|Any CPU
	EndGlobalSection
	GlobalSection(ProjectConfigurationPlatforms) = postSolution
		{F40B936A-7F62-4200-930E-650982CF0633}.Debug|Any CPU.ActiveCfg = Debug|Any CPU
		{F40B936A-7F62-4200-930E-650982CF0633}.Debug|Any CPU.Build.0 = Debug|Any CPU
		{F40B936A-7F62-4200-930E-650982CF0633}.Release|Any CPU.ActiveCfg = Release|Any CPU
		{F40B936A-7F62-4200-930E-650982CF0633}.Release|Any CPU.Build.0 = Release|Any CPU
	EndGlobalSection
	GlobalSection(SolutionProperties) = preSolution
		HideSolutionNode = FALSE
	EndGlobalSection
	GlobalSection(ExtensibilityGlobals) = postSolution
		SolutionGuid = {4148DBF9-606B-4A85-B80A-E79A4384F2A0}
	EndGlobalSection
EndGlobal
