
Microsoft Visual Studio Solution File, Format Version 12.00
# Visual Studio Version 16
VisualStudioVersion = 16.0.29209.62
MinimumVisualStudioVersion = 10.0.40219.1
Project("{FAE04EC0-301F-11D3-BF4B-00C04F79EFBC}") = "Delegate", "Delegate.csproj", "{AD625D30-28E9-43C5-993B-B1D22709433E}"
EndProject
Global
	GlobalSection(SolutionConfigurationPlatforms) = preSolution
		Debug|Any CPU = Debug|Any CPU
		Release|Any CPU = Release|Any CPU
	EndGlobalSection
	GlobalSection(ProjectConfigurationPlatforms) = postSolution
		{AD625D30-28E9-43C5-993B-B1D22709433E}.Debug|Any CPU.ActiveCfg = Debug|Any CPU
		{AD625D30-28E9-43C5-993B-B1D22709433E}.Debug|Any CPU.Build.0 = Debug|Any CPU
		{AD625D30-28E9-43C5-993B-B1D22709433E}.Release|Any CPU.ActiveCfg = Release|Any CPU
		{AD625D30-28E9-43C5-993B-B1D22709433E}.Release|Any CPU.Build.0 = Release|Any CPU
	EndGlobalSection
	GlobalSection(SolutionProperties) = preSolution
		HideSolutionNode = FALSE
	EndGlobalSection
	GlobalSection(ExtensibilityGlobals) = postSolution
		SolutionGuid = {B824790F-7D3E-4CD3-88F4-19F3B3E31D9F}
	EndGlobalSection
EndGlobal
