
Microsoft Visual Studio Solution File, Format Version 12.00
# Visual Studio Version 16
VisualStudioVersion = 16.0.29209.62
MinimumVisualStudioVersion = 10.0.40219.1
Project("{FAE04EC0-301F-11D3-BF4B-00C04F79EFBC}") = "Enum", "Enum.csproj", "{BE03F267-FF90-4BE7-B2EB-A58E5B807D07}"
EndProject
Global
	GlobalSection(SolutionConfigurationPlatforms) = preSolution
		Debug|Any CPU = Debug|Any CPU
		Release|Any CPU = Release|Any CPU
	EndGlobalSection
	GlobalSection(ProjectConfigurationPlatforms) = postSolution
		{BE03F267-FF90-4BE7-B2EB-A58E5B807D07}.Debug|Any CPU.ActiveCfg = Debug|Any CPU
		{BE03F267-FF90-4BE7-B2EB-A58E5B807D07}.Debug|Any CPU.Build.0 = Debug|Any CPU
		{BE03F267-FF90-4BE7-B2EB-A58E5B807D07}.Release|Any CPU.ActiveCfg = Release|Any CPU
		{BE03F267-FF90-4BE7-B2EB-A58E5B807D07}.Release|Any CPU.Build.0 = Release|Any CPU
	EndGlobalSection
	GlobalSection(SolutionProperties) = preSolution
		HideSolutionNode = FALSE
	EndGlobalSection
	GlobalSection(ExtensibilityGlobals) = postSolution
		SolutionGuid = {CB2C6D96-16A5-4587-B497-D5A1D046B875}
	EndGlobalSection
EndGlobal
