
Microsoft Visual Studio Solution File, Format Version 12.00
# Visual Studio Version 16
VisualStudioVersion = 16.0.29209.62
MinimumVisualStudioVersion = 10.0.40219.1
Project("{FAE04EC0-301F-11D3-BF4B-00C04F79EFBC}") = "Read constants, fields, and structures", "Read constants, fields, and structures.csproj", "{89AAAD02-D5EA-4B89-9656-52D54B856043}"
EndProject
Global
	GlobalSection(SolutionConfigurationPlatforms) = preSolution
		Debug|Any CPU = Debug|Any CPU
		Release|Any CPU = Release|Any CPU
	EndGlobalSection
	GlobalSection(ProjectConfigurationPlatforms) = postSolution
		{89AAAD02-D5EA-4B89-9656-52D54B856043}.Debug|Any CPU.ActiveCfg = Debug|Any CPU
		{89AAAD02-D5EA-4B89-9656-52D54B856043}.Debug|Any CPU.Build.0 = Debug|Any CPU
		{89AAAD02-D5EA-4B89-9656-52D54B856043}.Release|Any CPU.ActiveCfg = Release|Any CPU
		{89AAAD02-D5EA-4B89-9656-52D54B856043}.Release|Any CPU.Build.0 = Release|Any CPU
	EndGlobalSection
	GlobalSection(SolutionProperties) = preSolution
		HideSolutionNode = FALSE
	EndGlobalSection
	GlobalSection(ExtensibilityGlobals) = postSolution
		SolutionGuid = {73C5B5AC-BD58-416F-887A-B1C9695777E7}
	EndGlobalSection
EndGlobal
