
Microsoft Visual Studio Solution File, Format Version 12.00
# Visual Studio Version 16
VisualStudioVersion = 16.0.29209.62
MinimumVisualStudioVersion = 10.0.40219.1
Project("{FAE04EC0-301F-11D3-BF4B-00C04F79EFBC}") = "Collections.Interfaces", "Collections.Interfaces.csproj", "{1D3C8025-7B8F-4327-A8CB-D70D37F1AA0C}"
EndProject
Global
	GlobalSection(SolutionConfigurationPlatforms) = preSolution
		Debug|Any CPU = Debug|Any CPU
		Release|Any CPU = Release|Any CPU
	EndGlobalSection
	GlobalSection(ProjectConfigurationPlatforms) = postSolution
		{1D3C8025-7B8F-4327-A8CB-D70D37F1AA0C}.Debug|Any CPU.ActiveCfg = Debug|Any CPU
		{1D3C8025-7B8F-4327-A8CB-D70D37F1AA0C}.Debug|Any CPU.Build.0 = Debug|Any CPU
		{1D3C8025-7B8F-4327-A8CB-D70D37F1AA0C}.Release|Any CPU.ActiveCfg = Release|Any CPU
		{1D3C8025-7B8F-4327-A8CB-D70D37F1AA0C}.Release|Any CPU.Build.0 = Release|Any CPU
	EndGlobalSection
	GlobalSection(SolutionProperties) = preSolution
		HideSolutionNode = FALSE
	EndGlobalSection
	GlobalSection(ExtensibilityGlobals) = postSolution
		SolutionGuid = {F3AAE82B-D8C1-464D-999E-D9A0DA676659}
	EndGlobalSection
EndGlobal
