
Microsoft Visual Studio Solution File, Format Version 12.00
# Visual Studio Version 16
VisualStudioVersion = 16.0.29209.62
MinimumVisualStudioVersion = 10.0.40219.1
Project("{FAE04EC0-301F-11D3-BF4B-00C04F79EFBC}") = "Arithmetic Operations", "Arithmetic Operations.csproj", "{BEBB90CA-C30C-4FD1-888D-86D6B37DD057}"
EndProject
Global
	GlobalSection(SolutionConfigurationPlatforms) = preSolution
		Debug|Any CPU = Debug|Any CPU
		Release|Any CPU = Release|Any CPU
	EndGlobalSection
	GlobalSection(ProjectConfigurationPlatforms) = postSolution
		{BEBB90CA-C30C-4FD1-888D-86D6B37DD057}.Debug|Any CPU.ActiveCfg = Debug|Any CPU
		{BEBB90CA-C30C-4FD1-888D-86D6B37DD057}.Debug|Any CPU.Build.0 = Debug|Any CPU
		{BEBB90CA-C30C-4FD1-888D-86D6B37DD057}.Release|Any CPU.ActiveCfg = Release|Any CPU
		{BEBB90CA-C30C-4FD1-888D-86D6B37DD057}.Release|Any CPU.Build.0 = Release|Any CPU
	EndGlobalSection
	GlobalSection(SolutionProperties) = preSolution
		HideSolutionNode = FALSE
	EndGlobalSection
	GlobalSection(ExtensibilityGlobals) = postSolution
		SolutionGuid = {749CB4C8-C316-4013-80F9-618374908608}
	EndGlobalSection
EndGlobal
