
Microsoft Visual Studio Solution File, Format Version 12.00
# Visual Studio Version 16
VisualStudioVersion = 16.0.29209.62
MinimumVisualStudioVersion = 10.0.40219.1
Project("{FAE04EC0-301F-11D3-BF4B-00C04F79EFBC}") = "Anonim Type", "Anonim Type.csproj", "{E697BFF9-5086-44CA-B32F-D76001677BB8}"
EndProject
Global
	GlobalSection(SolutionConfigurationPlatforms) = preSolution
		Debug|Any CPU = Debug|Any CPU
		Release|Any CPU = Release|Any CPU
	EndGlobalSection
	GlobalSection(ProjectConfigurationPlatforms) = postSolution
		{E697BFF9-5086-44CA-B32F-D76001677BB8}.Debug|Any CPU.ActiveCfg = Debug|Any CPU
		{E697BFF9-5086-44CA-B32F-D76001677BB8}.Debug|Any CPU.Build.0 = Debug|Any CPU
		{E697BFF9-5086-44CA-B32F-D76001677BB8}.Release|Any CPU.ActiveCfg = Release|Any CPU
		{E697BFF9-5086-44CA-B32F-D76001677BB8}.Release|Any CPU.Build.0 = Release|Any CPU
	EndGlobalSection
	GlobalSection(SolutionProperties) = preSolution
		HideSolutionNode = FALSE
	EndGlobalSection
	GlobalSection(ExtensibilityGlobals) = postSolution
		SolutionGuid = {EC4EF69A-3E4F-4DCE-8377-45D99AB2F454}
	EndGlobalSection
EndGlobal
