
Microsoft Visual Studio Solution File, Format Version 12.00
# Visual Studio Version 16
VisualStudioVersion = 16.0.29209.62
MinimumVisualStudioVersion = 10.0.40219.1
Project("{FAE04EC0-301F-11D3-BF4B-00C04F79EFBC}") = "Sorting objects Interfaces", "Sorting objects Interfaces.csproj", "{7BB83D20-902F-4210-BA0D-BC2D60237DAF}"
EndProject
Global
	GlobalSection(SolutionConfigurationPlatforms) = preSolution
		Debug|Any CPU = Debug|Any CPU
		Release|Any CPU = Release|Any CPU
	EndGlobalSection
	GlobalSection(ProjectConfigurationPlatforms) = postSolution
		{7BB83D20-902F-4210-BA0D-BC2D60237DAF}.Debug|Any CPU.ActiveCfg = Debug|Any CPU
		{7BB83D20-902F-4210-BA0D-BC2D60237DAF}.Debug|Any CPU.Build.0 = Debug|Any CPU
		{7BB83D20-902F-4210-BA0D-BC2D60237DAF}.Release|Any CPU.ActiveCfg = Release|Any CPU
		{7BB83D20-902F-4210-BA0D-BC2D60237DAF}.Release|Any CPU.Build.0 = Release|Any CPU
	EndGlobalSection
	GlobalSection(SolutionProperties) = preSolution
		HideSolutionNode = FALSE
	EndGlobalSection
	GlobalSection(ExtensibilityGlobals) = postSolution
		SolutionGuid = {C7579175-B820-4015-8CB9-A4C27A52CC5B}
	EndGlobalSection
EndGlobal
