
Microsoft Visual Studio Solution File, Format Version 12.00
# Visual Studio Version 16
VisualStudioVersion = 16.0.29209.62
MinimumVisualStudioVersion = 10.0.40219.1
Project("{FAE04EC0-301F-11D3-BF4B-00C04F79EFBC}") = "Extension Methods", "Extension Methods.csproj", "{571FB75F-967D-4563-9694-8A061C555539}"
EndProject
Global
	GlobalSection(SolutionConfigurationPlatforms) = preSolution
		Debug|Any CPU = Debug|Any CPU
		Release|Any CPU = Release|Any CPU
	EndGlobalSection
	GlobalSection(ProjectConfigurationPlatforms) = postSolution
		{571FB75F-967D-4563-9694-8A061C555539}.Debug|Any CPU.ActiveCfg = Debug|Any CPU
		{571FB75F-967D-4563-9694-8A061C555539}.Debug|Any CPU.Build.0 = Debug|Any CPU
		{571FB75F-967D-4563-9694-8A061C555539}.Release|Any CPU.ActiveCfg = Release|Any CPU
		{571FB75F-967D-4563-9694-8A061C555539}.Release|Any CPU.Build.0 = Release|Any CPU
	EndGlobalSection
	GlobalSection(SolutionProperties) = preSolution
		HideSolutionNode = FALSE
	EndGlobalSection
	GlobalSection(ExtensibilityGlobals) = postSolution
		SolutionGuid = {755EFD17-505E-49E2-A74A-B424B50F6946}
	EndGlobalSection
EndGlobal
