
Microsoft Visual Studio Solution File, Format Version 12.00
# Visual Studio Version 16
VisualStudioVersion = 16.0.29209.62
MinimumVisualStudioVersion = 10.0.40219.1
Project("{FAE04EC0-301F-11D3-BF4B-00C04F79EFBC}") = "Virtual Methods and Properties", "Virtual Methods and Properties.csproj", "{ED6432C8-4535-4F13-9299-57FD707814DF}"
EndProject
Global
	GlobalSection(SolutionConfigurationPlatforms) = preSolution
		Debug|Any CPU = Debug|Any CPU
		Release|Any CPU = Release|Any CPU
	EndGlobalSection
	GlobalSection(ProjectConfigurationPlatforms) = postSolution
		{ED6432C8-4535-4F13-9299-57FD707814DF}.Debug|Any CPU.ActiveCfg = Debug|Any CPU
		{ED6432C8-4535-4F13-9299-57FD707814DF}.Debug|Any CPU.Build.0 = Debug|Any CPU
		{ED6432C8-4535-4F13-9299-57FD707814DF}.Release|Any CPU.ActiveCfg = Release|Any CPU
		{ED6432C8-4535-4F13-9299-57FD707814DF}.Release|Any CPU.Build.0 = Release|Any CPU
	EndGlobalSection
	GlobalSection(SolutionProperties) = preSolution
		HideSolutionNode = FALSE
	EndGlobalSection
	GlobalSection(ExtensibilityGlobals) = postSolution
		SolutionGuid = {A81FD4C2-4D59-49A7-A9D4-48E76A88361B}
	EndGlobalSection
EndGlobal
